// !$*UTF8*$!
{
	archiveVersion = 1;
	classes = {
	};
	objectVersion = 55;
	objects = {

/* Begin PBXBuildFile section */
		5E33D36A27538B8D007EC44C /* InstructioerVC.swift in Sources */ = {isa = PBXBuildFile; fileRef = 5E33D36927538B8D007EC44C /* InstructioerVC.swift */; };
		5E33D36C27538BB6007EC44C /* EditStudentsCell.swift in Sources */ = {isa = PBXBuildFile; fileRef = 5E33D36B27538BB6007EC44C /* EditStudentsCell.swift */; };
		5E33D36E27538BE6007EC44C /* NewStudentVC.swift in Sources */ = {isa = PBXBuildFile; fileRef = 5E33D36D27538BE6007EC44C /* NewStudentVC.swift */; };
		5E33D37027538C19007EC44C /* UpdateStudentVC.swift in Sources */ = {isa = PBXBuildFile; fileRef = 5E33D36F27538C19007EC44C /* UpdateStudentVC.swift */; };
		5E33D37227538C3F007EC44C /* DetelisVC.swift in Sources */ = {isa = PBXBuildFile; fileRef = 5E33D37127538C3F007EC44C /* DetelisVC.swift */; };
		5E33D37427538C83007EC44C /* PurchaseVC.swift in Sources */ = {isa = PBXBuildFile; fileRef = 5E33D37327538C83007EC44C /* PurchaseVC.swift */; };
		5E33D37627538CA9007EC44C /* PrucheasCell.swift in Sources */ = {isa = PBXBuildFile; fileRef = 5E33D37527538CA9007EC44C /* PrucheasCell.swift */; };
		5E33D37827538D50007EC44C /* Manager.storyboard in Resources */ = {isa = PBXBuildFile; fileRef = 5E33D37727538D50007EC44C /* Manager.storyboard */; };
		5E33D37D27538E1C007EC44C /* RecCollectionVC.swift in Sources */ = {isa = PBXBuildFile; fileRef = 5E33D37C27538E1C007EC44C /* RecCollectionVC.swift */; };
		5E33D37F27538E47007EC44C /* RecCell.swift in Sources */ = {isa = PBXBuildFile; fileRef = 5E33D37E27538E47007EC44C /* RecCell.swift */; };
		5E33D38227538ED7007EC44C /* EmailVC.swift in Sources */ = {isa = PBXBuildFile; fileRef = 5E33D38127538ED7007EC44C /* EmailVC.swift */; };
		5E33D38427538EFD007EC44C /* EmailCell.swift in Sources */ = {isa = PBXBuildFile; fileRef = 5E33D38327538EFD007EC44C /* EmailCell.swift */; };
		5E33D38D275390CC007EC44C /* Top10VC.swift in Sources */ = {isa = PBXBuildFile; fileRef = 5E33D38C275390CC007EC44C /* Top10VC.swift */; };
		5E33D38F2753910B007EC44C /* Top10 Cell.swift in Sources */ = {isa = PBXBuildFile; fileRef = 5E33D38E2753910B007EC44C /* Top10 Cell.swift */; };
		5E33D39127539125007EC44C /* Data.swift in Sources */ = {isa = PBXBuildFile; fileRef = 5E33D39027539125007EC44C /* Data.swift */; };
		5E33D393275391A5007EC44C /* stulnfoVC.swift in Sources */ = {isa = PBXBuildFile; fileRef = 5E33D392275391A5007EC44C /* stulnfoVC.swift */; };
		5E33D3952753938F007EC44C /* DetailsCell.swift in Sources */ = {isa = PBXBuildFile; fileRef = 5E33D3942753938F007EC44C /* DetailsCell.swift */; };
		5E33D397275397AB007EC44C /* Main.storyboard in Resources */ = {isa = PBXBuildFile; fileRef = 5E33D396275397AB007EC44C /* Main.storyboard */; };
		5E33D399275397C4007EC44C /* customer.storyboard in Resources */ = {isa = PBXBuildFile; fileRef = 5E33D398275397C4007EC44C /* customer.storyboard */; };
		AE2EF0B5AB776A40346E2A48 /* Pods_tuwaiq_1000.framework in Frameworks */ = {isa = PBXBuildFile; fileRef = 83976AF724202D7C4BA75CF6 /* Pods_tuwaiq_1000.framework */; };
		E62F35F727561937000E4296 /* Launch Screen.storyboard in Resources */ = {isa = PBXBuildFile; fileRef = E62F35F627561937000E4296 /* Launch Screen.storyboard */; };
		E634873D274DAFCD00559B91 /* AppDelegate.swift in Sources */ = {isa = PBXBuildFile; fileRef = E634873C274DAFCD00559B91 /* AppDelegate.swift */; };
		E634873F274DAFCD00559B91 /* SceneDelegate.swift in Sources */ = {isa = PBXBuildFile; fileRef = E634873E274DAFCD00559B91 /* SceneDelegate.swift */; };
		E6348741274DAFCD00559B91 /* uu.swift in Sources */ = {isa = PBXBuildFile; fileRef = E6348740274DAFCD00559B91 /* uu.swift */; };
		E64C236F2760910900DE566D /* Reghister.swift in Sources */ = {isa = PBXBuildFile; fileRef = E64C236E2760910900DE566D /* Reghister.swift */; };
		E64C23712760941C00DE566D /* GoogleService-Info.plist in Resources */ = {isa = PBXBuildFile; fileRef = E64C23702760941C00DE566D /* GoogleService-Info.plist */; };
		E64C23732760BCAC00DE566D /* Tt.swift in Sources */ = {isa = PBXBuildFile; fileRef = E64C23722760BCAA00DE566D /* Tt.swift */; };
		E64C237D2760C47300DE566D /* PrivacyViewController.swift in Sources */ = {isa = PBXBuildFile; fileRef = E64C23762760C46600DE566D /* PrivacyViewController.swift */; };
		E64C237E2760C47300DE566D /* SpashViewController.swift in Sources */ = {isa = PBXBuildFile; fileRef = E64C23772760C46800DE566D /* SpashViewController.swift */; };
		E64C237F2760C47300DE566D /* AvgViewController.swift in Sources */ = {isa = PBXBuildFile; fileRef = E64C23782760C46A00DE566D /* AvgViewController.swift */; };
		E64C23802760C47300DE566D /* HomeViewController.swift in Sources */ = {isa = PBXBuildFile; fileRef = E64C23792760C46C00DE566D /* HomeViewController.swift */; };
		E64C23812760C47300DE566D /* SelectionTableViewController.swift in Sources */ = {isa = PBXBuildFile; fileRef = E64C237A2760C46E00DE566D /* SelectionTableViewController.swift */; };
		E64C23822760C47300DE566D /* CalculationViewController.swift in Sources */ = {isa = PBXBuildFile; fileRef = E64C237B2760C47000DE566D /* CalculationViewController.swift */; };
		E64C23832760C47300DE566D /* SettingsViewController.swift in Sources */ = {isa = PBXBuildFile; fileRef = E64C237C2760C47200DE566D /* SettingsViewController.swift */; };
		E64C238A2760C4C100DE566D /* DBhelper.swift in Sources */ = {isa = PBXBuildFile; fileRef = E64C23852760C4B900DE566D /* DBhelper.swift */; };
		E64C238B2760C4C200DE566D /* Protocols.swift in Sources */ = {isa = PBXBuildFile; fileRef = E64C23862760C4BB00DE566D /* Protocols.swift */; };
		E64C238C2760C4C200DE566D /* Utility.swift in Sources */ = {isa = PBXBuildFile; fileRef = E64C23872760C4BE00DE566D /* Utility.swift */; };
		E64C238D2760C4C200DE566D /* Utils.swift in Sources */ = {isa = PBXBuildFile; fileRef = E64C23892760C4C100DE566D /* Utils.swift */; };
		E64C23912760C4E600DE566D /* Advertisefile.swift in Sources */ = {isa = PBXBuildFile; fileRef = E64C238E2760C4DF00DE566D /* Advertisefile.swift */; };
		E64C23922760C4E600DE566D /* AdvertiseView.xib in Resources */ = {isa = PBXBuildFile; fileRef = E64C238F2760C4E200DE566D /* AdvertiseView.xib */; };
		E64C23932760C4E600DE566D /* SelectionCell.swift in Sources */ = {isa = PBXBuildFile; fileRef = E64C23902760C4E600DE566D /* SelectionCell.swift */; };
		E64C23962760C85600DE566D /* dddata.swift in Sources */ = {isa = PBXBuildFile; fileRef = E64C23952760C85600DE566D /* dddata.swift */; };
		E64C23A12760EA5700DE566D /* SubjectDescriptionViewController.swift in Sources */ = {isa = PBXBuildFile; fileRef = E64C239C2760EA4F00DE566D /* SubjectDescriptionViewController.swift */; };
		E64C23A22760EA5700DE566D /* StudentViewController.swift in Sources */ = {isa = PBXBuildFile; fileRef = E64C239D2760EA5100DE566D /* StudentViewController.swift */; };
		E64C23A32760EA5700DE566D /* PersonInfoViewController.swift in Sources */ = {isa = PBXBuildFile; fileRef = E64C239E2760EA5300DE566D /* PersonInfoViewController.swift */; };
		E64C23A42760EA5700DE566D /* TeacherViewController.swift in Sources */ = {isa = PBXBuildFile; fileRef = E64C239F2760EA5500DE566D /* TeacherViewController.swift */; };
		E64C23A52760EA5700DE566D /* SubjectViewController.swift in Sources */ = {isa = PBXBuildFile; fileRef = E64C23A02760EA5700DE566D /* SubjectViewController.swift */; };
		E64C23AF2760EAA100DE566D /* PersonInfoViewCell.swift in Sources */ = {isa = PBXBuildFile; fileRef = E64C23A72760EA8500DE566D /* PersonInfoViewCell.swift */; };
		E64C23B02760EAA100DE566D /* ContainerStudentViewCell.swift in Sources */ = {isa = PBXBuildFile; fileRef = E64C23A82760EA8900DE566D /* ContainerStudentViewCell.swift */; };
		E64C23B12760EAA100DE566D /* TeacherViewCell.swift in Sources */ = {isa = PBXBuildFile; fileRef = E64C23A92760EA8E00DE566D /* TeacherViewCell.swift */; };
		E64C23B22760EAA100DE566D /* ContainerViewCell.swift in Sources */ = {isa = PBXBuildFile; fileRef = E64C23AA2760EA9100DE566D /* ContainerViewCell.swift */; };
		E64C23B32760EAA100DE566D /* SubjectItemViewCell.swift in Sources */ = {isa = PBXBuildFile; fileRef = E64C23AB2760EA9600DE566D /* SubjectItemViewCell.swift */; };
		E64C23B42760EAA100DE566D /* StudentViewCell.swift in Sources */ = {isa = PBXBuildFile; fileRef = E64C23AC2760EA9900DE566D /* StudentViewCell.swift */; };
		E64C23B52760EAA100DE566D /* PersonOrSubjectItemView.swift in Sources */ = {isa = PBXBuildFile; fileRef = E64C23AD2760EA9E00DE566D /* PersonOrSubjectItemView.swift */; };
		E64C23B62760EAA100DE566D /* SubjectMemberItemViewCell.swift in Sources */ = {isa = PBXBuildFile; fileRef = E64C23AE2760EAA100DE566D /* SubjectMemberItemViewCell.swift */; };
		E64C23B82761E9A700DE566D /* Web.swift in Sources */ = {isa = PBXBuildFile; fileRef = E64C23B72761E9A600DE566D /* Web.swift */; };
		E64C23BA2761ECD200DE566D /* animation.swift in Sources */ = {isa = PBXBuildFile; fileRef = E64C23B92761ECD100DE566D /* animation.swift */; };
		E64C23C127620E0B00DE566D /* ResultViewController.swift in Sources */ = {isa = PBXBuildFile; fileRef = E64C23BC27620E0600DE566D /* ResultViewController.swift */; };
		E64C23C227620E0B00DE566D /* ViewController.swift in Sources */ = {isa = PBXBuildFile; fileRef = E64C23BD27620E0800DE566D /* ViewController.swift */; };
		E64C23C327620E0B00DE566D /* QuizViewController.swift in Sources */ = {isa = PBXBuildFile; fileRef = E64C23BE27620E0900DE566D /* QuizViewController.swift */; };
		E64C23C427620E0B00DE566D /* Quiz.swift in Sources */ = {isa = PBXBuildFile; fileRef = E64C23BF27620E0A00DE566D /* Quiz.swift */; };
		E64C23C527620E0B00DE566D /* QuizManager.swift in Sources */ = {isa = PBXBuildFile; fileRef = E64C23C027620E0B00DE566D /* QuizManager.swift */; };
		E65D9509275F9623008A378A /* DateExtension.swift in Sources */ = {isa = PBXBuildFile; fileRef = E65D9506275F9622008A378A /* DateExtension.swift */; };
		E65D950A275F9623008A378A /* UIViewControllerExtension.swift in Sources */ = {isa = PBXBuildFile; fileRef = E65D9507275F9623008A378A /* UIViewControllerExtension.swift */; };
		E65D950B275F9624008A378A /* UIViewExtension.swift in Sources */ = {isa = PBXBuildFile; fileRef = E65D9508275F9623008A378A /* UIViewExtension.swift */; };
		E65D950D275F9654008A378A /* SampleData.swift in Sources */ = {isa = PBXBuildFile; fileRef = E65D950C275F9654008A378A /* SampleData.swift */; };
		E65D9512275F9675008A378A /* Subject.swift in Sources */ = {isa = PBXBuildFile; fileRef = E65D950E275F9674008A378A /* Subject.swift */; };
		E65D9513275F9675008A378A /* PersonProtocol.swift in Sources */ = {isa = PBXBuildFile; fileRef = E65D950F275F9674008A378A /* PersonProtocol.swift */; };
		E65D9514275F9675008A378A /* Student.swift in Sources */ = {isa = PBXBuildFile; fileRef = E65D9510275F9675008A378A /* Student.swift */; };
		E65D9515275F9675008A378A /* Teacher.swift in Sources */ = {isa = PBXBuildFile; fileRef = E65D9511275F9675008A378A /* Teacher.swift */; };
		E675059A2763AE21004080BD /* SideBarTableViewCell.xib in Resources */ = {isa = PBXBuildFile; fileRef = E67505992763AE21004080BD /* SideBarTableViewCell.xib */; };
		E67505A02763AF4B004080BD /* SideBarTableViewCell.swift in Sources */ = {isa = PBXBuildFile; fileRef = E675059B2763AF48004080BD /* SideBarTableViewCell.swift */; };
		E67505A42763AF4B004080BD /* VViewController.swift in Sources */ = {isa = PBXBuildFile; fileRef = E675059F2763AF4B004080BD /* VViewController.swift */; };
		E67505A8276414F1004080BD /* Start.storyboard in Resources */ = {isa = PBXBuildFile; fileRef = E67505A7276414F0004080BD /* Start.storyboard */; };
		E67505AA2764182B004080BD /* G.P.A VC.swift in Sources */ = {isa = PBXBuildFile; fileRef = E67505A92764182B004080BD /* G.P.A VC.swift */; };
		E67505AC27641869004080BD /* Link VC.swift in Sources */ = {isa = PBXBuildFile; fileRef = E67505AB27641868004080BD /* Link VC.swift */; };
		E67505AE2765E754004080BD /* mapVC.swift in Sources */ = {isa = PBXBuildFile; fileRef = E67505AD2765E754004080BD /* mapVC.swift */; };
		E67505B02766356D004080BD /* gestureVC.swift in Sources */ = {isa = PBXBuildFile; fileRef = E67505AF2766356C004080BD /* gestureVC.swift */; };
		E69246F32754B7A100421DCB /* DataBootcamp.swift in Sources */ = {isa = PBXBuildFile; fileRef = E69246F22754B7A100421DCB /* DataBootcamp.swift */; };
		E69246F52754B7DF00421DCB /* BootcampsVC.swift in Sources */ = {isa = PBXBuildFile; fileRef = E69246F42754B7DF00421DCB /* BootcampsVC.swift */; };
		E69246F72754B84100421DCB /* BootcampsCell.swift in Sources */ = {isa = PBXBuildFile; fileRef = E69246F62754B84100421DCB /* BootcampsCell.swift */; };
		E69246F92754B92C00421DCB /* Assets.xcassets in Resources */ = {isa = PBXBuildFile; fileRef = E69246F82754B92C00421DCB /* Assets.xcassets */; };
		E69246FD2754C77E00421DCB /* BootcampVC.swift in Sources */ = {isa = PBXBuildFile; fileRef = E69246FC2754C77E00421DCB /* BootcampVC.swift */; };
		E69247002754F05A00421DCB /* StudentVC.swift in Sources */ = {isa = PBXBuildFile; fileRef = E69246FF2754F05A00421DCB /* StudentVC.swift */; };
		E69247022754F18300421DCB /* StudentVC2.swift in Sources */ = {isa = PBXBuildFile; fileRef = E69247012754F18300421DCB /* StudentVC2.swift */; };
		E6EF13DA276781E2008227D1 /* collmove.swift in Sources */ = {isa = PBXBuildFile; fileRef = E6EF13D9276781E1008227D1 /* collmove.swift */; };
		E6EF13DC27678652008227D1 /* ThemeColorVC.swift in Sources */ = {isa = PBXBuildFile; fileRef = E6EF13DB27678652008227D1 /* ThemeColorVC.swift */; };
		E6EF14042769328F008227D1 /* SideBarInstroctorVC.swift in Sources */ = {isa = PBXBuildFile; fileRef = E6EF14032769328D008227D1 /* SideBarInstroctorVC.swift */; };
		E6EF140627693346008227D1 /* SideBarInstroctorVCTableViewCell.swift in Sources */ = {isa = PBXBuildFile; fileRef = E6EF140527693346008227D1 /* SideBarInstroctorVCTableViewCell.swift */; };
/* End PBXBuildFile section */

/* Begin PBXFileReference section */
		5E33D36927538B8D007EC44C /* InstructioerVC.swift */ = {isa = PBXFileReference; lastKnownFileType = sourcecode.swift; path = InstructioerVC.swift; sourceTree = "<group>"; };
		5E33D36B27538BB6007EC44C /* EditStudentsCell.swift */ = {isa = PBXFileReference; lastKnownFileType = sourcecode.swift; path = EditStudentsCell.swift; sourceTree = "<group>"; };
		5E33D36D27538BE6007EC44C /* NewStudentVC.swift */ = {isa = PBXFileReference; lastKnownFileType = sourcecode.swift; path = NewStudentVC.swift; sourceTree = "<group>"; };
		5E33D36F27538C19007EC44C /* UpdateStudentVC.swift */ = {isa = PBXFileReference; lastKnownFileType = sourcecode.swift; path = UpdateStudentVC.swift; sourceTree = "<group>"; };
		5E33D37127538C3F007EC44C /* DetelisVC.swift */ = {isa = PBXFileReference; lastKnownFileType = sourcecode.swift; path = DetelisVC.swift; sourceTree = "<group>"; };
		5E33D37327538C83007EC44C /* PurchaseVC.swift */ = {isa = PBXFileReference; lastKnownFileType = sourcecode.swift; path = PurchaseVC.swift; sourceTree = "<group>"; };
		5E33D37527538CA9007EC44C /* PrucheasCell.swift */ = {isa = PBXFileReference; lastKnownFileType = sourcecode.swift; path = PrucheasCell.swift; sourceTree = "<group>"; };
		5E33D37727538D50007EC44C /* Manager.storyboard */ = {isa = PBXFileReference; lastKnownFileType = file.storyboard; path = Manager.storyboard; sourceTree = "<group>"; };
		5E33D37C27538E1C007EC44C /* RecCollectionVC.swift */ = {isa = PBXFileReference; lastKnownFileType = sourcecode.swift; path = RecCollectionVC.swift; sourceTree = "<group>"; };
		5E33D37E27538E47007EC44C /* RecCell.swift */ = {isa = PBXFileReference; lastKnownFileType = sourcecode.swift; path = RecCell.swift; sourceTree = "<group>"; };
		5E33D38127538ED7007EC44C /* EmailVC.swift */ = {isa = PBXFileReference; lastKnownFileType = sourcecode.swift; path = EmailVC.swift; sourceTree = "<group>"; };
		5E33D38327538EFD007EC44C /* EmailCell.swift */ = {isa = PBXFileReference; lastKnownFileType = sourcecode.swift; path = EmailCell.swift; sourceTree = "<group>"; };
		5E33D38C275390CC007EC44C /* Top10VC.swift */ = {isa = PBXFileReference; lastKnownFileType = sourcecode.swift; path = Top10VC.swift; sourceTree = "<group>"; };
		5E33D38E2753910B007EC44C /* Top10 Cell.swift */ = {isa = PBXFileReference; lastKnownFileType = sourcecode.swift; path = "Top10 Cell.swift"; sourceTree = "<group>"; };
		5E33D39027539125007EC44C /* Data.swift */ = {isa = PBXFileReference; lastKnownFileType = sourcecode.swift; path = Data.swift; sourceTree = "<group>"; };
		5E33D392275391A5007EC44C /* stulnfoVC.swift */ = {isa = PBXFileReference; lastKnownFileType = sourcecode.swift; path = stulnfoVC.swift; sourceTree = "<group>"; };
		5E33D3942753938F007EC44C /* DetailsCell.swift */ = {isa = PBXFileReference; lastKnownFileType = sourcecode.swift; path = DetailsCell.swift; sourceTree = "<group>"; };
		5E33D396275397AB007EC44C /* Main.storyboard */ = {isa = PBXFileReference; lastKnownFileType = file.storyboard; path = Main.storyboard; sourceTree = "<group>"; };
		5E33D398275397C4007EC44C /* customer.storyboard */ = {isa = PBXFileReference; lastKnownFileType = file.storyboard; path = customer.storyboard; sourceTree = "<group>"; };
		83976AF724202D7C4BA75CF6 /* Pods_tuwaiq_1000.framework */ = {isa = PBXFileReference; explicitFileType = wrapper.framework; includeInIndex = 0; path = Pods_tuwaiq_1000.framework; sourceTree = BUILT_PRODUCTS_DIR; };
		9A0A1658221A179C86DA1FC4 /* Pods-tuwaiq 1000.release.xcconfig */ = {isa = PBXFileReference; includeInIndex = 1; lastKnownFileType = text.xcconfig; name = "Pods-tuwaiq 1000.release.xcconfig"; path = "Target Support Files/Pods-tuwaiq 1000/Pods-tuwaiq 1000.release.xcconfig"; sourceTree = "<group>"; };
		E62F35F627561937000E4296 /* Launch Screen.storyboard */ = {isa = PBXFileReference; lastKnownFileType = file.storyboard; path = "Launch Screen.storyboard"; sourceTree = "<group>"; };
		E6348739274DAFCD00559B91 /* tuwaiq 1000.app */ = {isa = PBXFileReference; explicitFileType = wrapper.application; includeInIndex = 0; path = "tuwaiq 1000.app"; sourceTree = BUILT_PRODUCTS_DIR; };
		E634873C274DAFCD00559B91 /* AppDelegate.swift */ = {isa = PBXFileReference; lastKnownFileType = sourcecode.swift; path = AppDelegate.swift; sourceTree = "<group>"; };
		E634873E274DAFCD00559B91 /* SceneDelegate.swift */ = {isa = PBXFileReference; lastKnownFileType = sourcecode.swift; path = SceneDelegate.swift; sourceTree = "<group>"; };
		E6348740274DAFCD00559B91 /* uu.swift */ = {isa = PBXFileReference; lastKnownFileType = sourcecode.swift; path = uu.swift; sourceTree = "<group>"; };
		E634874A274DAFD700559B91 /* Info.plist */ = {isa = PBXFileReference; lastKnownFileType = text.plist.xml; path = Info.plist; sourceTree = "<group>"; };
		E64C236E2760910900DE566D /* Reghister.swift */ = {isa = PBXFileReference; lastKnownFileType = sourcecode.swift; path = Reghister.swift; sourceTree = "<group>"; };
		E64C23702760941C00DE566D /* GoogleService-Info.plist */ = {isa = PBXFileReference; fileEncoding = 4; lastKnownFileType = text.plist.xml; path = "GoogleService-Info.plist"; sourceTree = "<group>"; };
		E64C23722760BCAA00DE566D /* Tt.swift */ = {isa = PBXFileReference; lastKnownFileType = sourcecode.swift; path = Tt.swift; sourceTree = "<group>"; };
		E64C23762760C46600DE566D /* PrivacyViewController.swift */ = {isa = PBXFileReference; fileEncoding = 4; lastKnownFileType = sourcecode.swift; path = PrivacyViewController.swift; sourceTree = "<group>"; };
		E64C23772760C46800DE566D /* SpashViewController.swift */ = {isa = PBXFileReference; fileEncoding = 4; lastKnownFileType = sourcecode.swift; path = SpashViewController.swift; sourceTree = "<group>"; };
		E64C23782760C46A00DE566D /* AvgViewController.swift */ = {isa = PBXFileReference; fileEncoding = 4; lastKnownFileType = sourcecode.swift; path = AvgViewController.swift; sourceTree = "<group>"; };
		E64C23792760C46C00DE566D /* HomeViewController.swift */ = {isa = PBXFileReference; fileEncoding = 4; lastKnownFileType = sourcecode.swift; path = HomeViewController.swift; sourceTree = "<group>"; };
		E64C237A2760C46E00DE566D /* SelectionTableViewController.swift */ = {isa = PBXFileReference; fileEncoding = 4; lastKnownFileType = sourcecode.swift; path = SelectionTableViewController.swift; sourceTree = "<group>"; };
		E64C237B2760C47000DE566D /* CalculationViewController.swift */ = {isa = PBXFileReference; fileEncoding = 4; lastKnownFileType = sourcecode.swift; path = CalculationViewController.swift; sourceTree = "<group>"; };
		E64C237C2760C47200DE566D /* SettingsViewController.swift */ = {isa = PBXFileReference; fileEncoding = 4; lastKnownFileType = sourcecode.swift; path = SettingsViewController.swift; sourceTree = "<group>"; };
		E64C23852760C4B900DE566D /* DBhelper.swift */ = {isa = PBXFileReference; fileEncoding = 4; lastKnownFileType = sourcecode.swift; path = DBhelper.swift; sourceTree = "<group>"; };
		E64C23862760C4BB00DE566D /* Protocols.swift */ = {isa = PBXFileReference; fileEncoding = 4; lastKnownFileType = sourcecode.swift; path = Protocols.swift; sourceTree = "<group>"; };
		E64C23872760C4BE00DE566D /* Utility.swift */ = {isa = PBXFileReference; fileEncoding = 4; lastKnownFileType = sourcecode.swift; path = Utility.swift; sourceTree = "<group>"; };
		E64C23892760C4C100DE566D /* Utils.swift */ = {isa = PBXFileReference; fileEncoding = 4; lastKnownFileType = sourcecode.swift; path = Utils.swift; sourceTree = "<group>"; };
		E64C238E2760C4DF00DE566D /* Advertisefile.swift */ = {isa = PBXFileReference; fileEncoding = 4; lastKnownFileType = sourcecode.swift; path = Advertisefile.swift; sourceTree = "<group>"; };
		E64C238F2760C4E200DE566D /* AdvertiseView.xib */ = {isa = PBXFileReference; fileEncoding = 4; lastKnownFileType = file.xib; path = AdvertiseView.xib; sourceTree = "<group>"; };
		E64C23902760C4E600DE566D /* SelectionCell.swift */ = {isa = PBXFileReference; fileEncoding = 4; lastKnownFileType = sourcecode.swift; path = SelectionCell.swift; sourceTree = "<group>"; };
		E64C23952760C85600DE566D /* dddata.swift */ = {isa = PBXFileReference; lastKnownFileType = sourcecode.swift; path = dddata.swift; sourceTree = "<group>"; };
		E64C239C2760EA4F00DE566D /* SubjectDescriptionViewController.swift */ = {isa = PBXFileReference; fileEncoding = 4; lastKnownFileType = sourcecode.swift; path = SubjectDescriptionViewController.swift; sourceTree = "<group>"; };
		E64C239D2760EA5100DE566D /* StudentViewController.swift */ = {isa = PBXFileReference; fileEncoding = 4; lastKnownFileType = sourcecode.swift; path = StudentViewController.swift; sourceTree = "<group>"; };
		E64C239E2760EA5300DE566D /* PersonInfoViewController.swift */ = {isa = PBXFileReference; fileEncoding = 4; lastKnownFileType = sourcecode.swift; path = PersonInfoViewController.swift; sourceTree = "<group>"; };
		E64C239F2760EA5500DE566D /* TeacherViewController.swift */ = {isa = PBXFileReference; fileEncoding = 4; lastKnownFileType = sourcecode.swift; path = TeacherViewController.swift; sourceTree = "<group>"; };
		E64C23A02760EA5700DE566D /* SubjectViewController.swift */ = {isa = PBXFileReference; fileEncoding = 4; lastKnownFileType = sourcecode.swift; path = SubjectViewController.swift; sourceTree = "<group>"; };
		E64C23A72760EA8500DE566D /* PersonInfoViewCell.swift */ = {isa = PBXFileReference; fileEncoding = 4; lastKnownFileType = sourcecode.swift; path = PersonInfoViewCell.swift; sourceTree = "<group>"; };
		E64C23A82760EA8900DE566D /* ContainerStudentViewCell.swift */ = {isa = PBXFileReference; fileEncoding = 4; lastKnownFileType = sourcecode.swift; path = ContainerStudentViewCell.swift; sourceTree = "<group>"; };
		E64C23A92760EA8E00DE566D /* TeacherViewCell.swift */ = {isa = PBXFileReference; fileEncoding = 4; lastKnownFileType = sourcecode.swift; path = TeacherViewCell.swift; sourceTree = "<group>"; };
		E64C23AA2760EA9100DE566D /* ContainerViewCell.swift */ = {isa = PBXFileReference; fileEncoding = 4; lastKnownFileType = sourcecode.swift; path = ContainerViewCell.swift; sourceTree = "<group>"; };
		E64C23AB2760EA9600DE566D /* SubjectItemViewCell.swift */ = {isa = PBXFileReference; fileEncoding = 4; lastKnownFileType = sourcecode.swift; path = SubjectItemViewCell.swift; sourceTree = "<group>"; };
		E64C23AC2760EA9900DE566D /* StudentViewCell.swift */ = {isa = PBXFileReference; fileEncoding = 4; lastKnownFileType = sourcecode.swift; path = StudentViewCell.swift; sourceTree = "<group>"; };
		E64C23AD2760EA9E00DE566D /* PersonOrSubjectItemView.swift */ = {isa = PBXFileReference; fileEncoding = 4; lastKnownFileType = sourcecode.swift; path = PersonOrSubjectItemView.swift; sourceTree = "<group>"; };
		E64C23AE2760EAA100DE566D /* SubjectMemberItemViewCell.swift */ = {isa = PBXFileReference; fileEncoding = 4; lastKnownFileType = sourcecode.swift; path = SubjectMemberItemViewCell.swift; sourceTree = "<group>"; };
		E64C23B72761E9A600DE566D /* Web.swift */ = {isa = PBXFileReference; lastKnownFileType = sourcecode.swift; path = Web.swift; sourceTree = "<group>"; };
		E64C23B92761ECD100DE566D /* animation.swift */ = {isa = PBXFileReference; lastKnownFileType = sourcecode.swift; path = animation.swift; sourceTree = "<group>"; };
		E64C23BC27620E0600DE566D /* ResultViewController.swift */ = {isa = PBXFileReference; fileEncoding = 4; lastKnownFileType = sourcecode.swift; path = ResultViewController.swift; sourceTree = "<group>"; };
		E64C23BD27620E0800DE566D /* ViewController.swift */ = {isa = PBXFileReference; fileEncoding = 4; lastKnownFileType = sourcecode.swift; path = ViewController.swift; sourceTree = "<group>"; };
		E64C23BE27620E0900DE566D /* QuizViewController.swift */ = {isa = PBXFileReference; fileEncoding = 4; lastKnownFileType = sourcecode.swift; path = QuizViewController.swift; sourceTree = "<group>"; };
		E64C23BF27620E0A00DE566D /* Quiz.swift */ = {isa = PBXFileReference; fileEncoding = 4; lastKnownFileType = sourcecode.swift; path = Quiz.swift; sourceTree = "<group>"; };
		E64C23C027620E0B00DE566D /* QuizManager.swift */ = {isa = PBXFileReference; fileEncoding = 4; lastKnownFileType = sourcecode.swift; path = QuizManager.swift; sourceTree = "<group>"; };
		E65D9506275F9622008A378A /* DateExtension.swift */ = {isa = PBXFileReference; fileEncoding = 4; lastKnownFileType = sourcecode.swift; path = DateExtension.swift; sourceTree = "<group>"; };
		E65D9507275F9623008A378A /* UIViewControllerExtension.swift */ = {isa = PBXFileReference; fileEncoding = 4; lastKnownFileType = sourcecode.swift; path = UIViewControllerExtension.swift; sourceTree = "<group>"; };
		E65D9508275F9623008A378A /* UIViewExtension.swift */ = {isa = PBXFileReference; fileEncoding = 4; lastKnownFileType = sourcecode.swift; path = UIViewExtension.swift; sourceTree = "<group>"; };
		E65D950C275F9654008A378A /* SampleData.swift */ = {isa = PBXFileReference; fileEncoding = 4; lastKnownFileType = sourcecode.swift; path = SampleData.swift; sourceTree = "<group>"; };
		E65D950E275F9674008A378A /* Subject.swift */ = {isa = PBXFileReference; fileEncoding = 4; lastKnownFileType = sourcecode.swift; path = Subject.swift; sourceTree = "<group>"; };
		E65D950F275F9674008A378A /* PersonProtocol.swift */ = {isa = PBXFileReference; fileEncoding = 4; lastKnownFileType = sourcecode.swift; path = PersonProtocol.swift; sourceTree = "<group>"; };
		E65D9510275F9675008A378A /* Student.swift */ = {isa = PBXFileReference; fileEncoding = 4; lastKnownFileType = sourcecode.swift; path = Student.swift; sourceTree = "<group>"; };
		E65D9511275F9675008A378A /* Teacher.swift */ = {isa = PBXFileReference; fileEncoding = 4; lastKnownFileType = sourcecode.swift; path = Teacher.swift; sourceTree = "<group>"; };
		E67505992763AE21004080BD /* SideBarTableViewCell.xib */ = {isa = PBXFileReference; fileEncoding = 4; lastKnownFileType = file.xib; path = SideBarTableViewCell.xib; sourceTree = "<group>"; };
		E675059B2763AF48004080BD /* SideBarTableViewCell.swift */ = {isa = PBXFileReference; fileEncoding = 4; lastKnownFileType = sourcecode.swift; path = SideBarTableViewCell.swift; sourceTree = "<group>"; };
		E675059F2763AF4B004080BD /* VViewController.swift */ = {isa = PBXFileReference; fileEncoding = 4; lastKnownFileType = sourcecode.swift; lineEnding = 0; path = VViewController.swift; sourceTree = "<group>"; wrapsLines = 0; };
		E67505A7276414F0004080BD /* Start.storyboard */ = {isa = PBXFileReference; fileEncoding = 4; lastKnownFileType = file.storyboard; path = Start.storyboard; sourceTree = "<group>"; };
		E67505A92764182B004080BD /* G.P.A VC.swift */ = {isa = PBXFileReference; lastKnownFileType = sourcecode.swift; path = "G.P.A VC.swift"; sourceTree = "<group>"; };
		E67505AB27641868004080BD /* Link VC.swift */ = {isa = PBXFileReference; lastKnownFileType = sourcecode.swift; path = "Link VC.swift"; sourceTree = "<group>"; };
		E67505AD2765E754004080BD /* mapVC.swift */ = {isa = PBXFileReference; lastKnownFileType = sourcecode.swift; path = mapVC.swift; sourceTree = "<group>"; };
		E67505AF2766356C004080BD /* gestureVC.swift */ = {isa = PBXFileReference; lastKnownFileType = sourcecode.swift; path = gestureVC.swift; sourceTree = "<group>"; };
		E69246F22754B7A100421DCB /* DataBootcamp.swift */ = {isa = PBXFileReference; lastKnownFileType = sourcecode.swift; path = DataBootcamp.swift; sourceTree = "<group>"; };
		E69246F42754B7DF00421DCB /* BootcampsVC.swift */ = {isa = PBXFileReference; lastKnownFileType = sourcecode.swift; path = BootcampsVC.swift; sourceTree = "<group>"; };
		E69246F62754B84100421DCB /* BootcampsCell.swift */ = {isa = PBXFileReference; lastKnownFileType = sourcecode.swift; path = BootcampsCell.swift; sourceTree = "<group>"; };
		E69246F82754B92C00421DCB /* Assets.xcassets */ = {isa = PBXFileReference; lastKnownFileType = folder.assetcatalog; path = Assets.xcassets; sourceTree = "<group>"; };
		E69246FC2754C77E00421DCB /* BootcampVC.swift */ = {isa = PBXFileReference; lastKnownFileType = sourcecode.swift; path = BootcampVC.swift; sourceTree = "<group>"; };
		E69246FF2754F05A00421DCB /* StudentVC.swift */ = {isa = PBXFileReference; fileEncoding = 4; lastKnownFileType = sourcecode.swift; path = StudentVC.swift; sourceTree = "<group>"; };
		E69247012754F18300421DCB /* StudentVC2.swift */ = {isa = PBXFileReference; fileEncoding = 4; lastKnownFileType = sourcecode.swift; path = StudentVC2.swift; sourceTree = "<group>"; };
		E6EF13D9276781E1008227D1 /* collmove.swift */ = {isa = PBXFileReference; lastKnownFileType = sourcecode.swift; path = collmove.swift; sourceTree = "<group>"; };
		E6EF13DB27678652008227D1 /* ThemeColorVC.swift */ = {isa = PBXFileReference; lastKnownFileType = sourcecode.swift; path = ThemeColorVC.swift; sourceTree = "<group>"; };
		E6EF14032769328D008227D1 /* SideBarInstroctorVC.swift */ = {isa = PBXFileReference; lastKnownFileType = sourcecode.swift; path = SideBarInstroctorVC.swift; sourceTree = "<group>"; };
		E6EF140527693346008227D1 /* SideBarInstroctorVCTableViewCell.swift */ = {isa = PBXFileReference; lastKnownFileType = sourcecode.swift; path = SideBarInstroctorVCTableViewCell.swift; sourceTree = "<group>"; };
		EE5BEB1A07E452DE90129F34 /* Pods-tuwaiq 1000.debug.xcconfig */ = {isa = PBXFileReference; includeInIndex = 1; lastKnownFileType = text.xcconfig; name = "Pods-tuwaiq 1000.debug.xcconfig"; path = "Target Support Files/Pods-tuwaiq 1000/Pods-tuwaiq 1000.debug.xcconfig"; sourceTree = "<group>"; };
/* End PBXFileReference section */

/* Begin PBXFrameworksBuildPhase section */
		E6348736274DAFCD00559B91 /* Frameworks */ = {
			isa = PBXFrameworksBuildPhase;
			buildActionMask = 2147483647;
			files = (
				AE2EF0B5AB776A40346E2A48 /* Pods_tuwaiq_1000.framework in Frameworks */,
			);
			runOnlyForDeploymentPostprocessing = 0;
		};
/* End PBXFrameworksBuildPhase section */

/* Begin PBXGroup section */
		4846D376BB53722071D42994 /* Frameworks */ = {
			isa = PBXGroup;
			children = (
				83976AF724202D7C4BA75CF6 /* Pods_tuwaiq_1000.framework */,
			);
			name = Frameworks;
			sourceTree = "<group>";
		};
		5B7D21CAC4DC1DA16501E3B2 /* Pods */ = {
			isa = PBXGroup;
			children = (
				EE5BEB1A07E452DE90129F34 /* Pods-tuwaiq 1000.debug.xcconfig */,
				9A0A1658221A179C86DA1FC4 /* Pods-tuwaiq 1000.release.xcconfig */,
			);
			path = Pods;
			sourceTree = "<group>";
		};
		5E33D37927538D5E007EC44C /* Top10 */ = {
			isa = PBXGroup;
			children = (
				5E33D37A27538D70007EC44C /* Controller */,
			);
			path = Top10;
			sourceTree = "<group>";
		};
		5E33D37A27538D70007EC44C /* Controller */ = {
			isa = PBXGroup;
			children = (
				5E33D37B27538D82007EC44C /* Recommendation */,
			);
			path = Controller;
			sourceTree = "<group>";
		};
		5E33D37B27538D82007EC44C /* Recommendation */ = {
			isa = PBXGroup;
			children = (
				5E33D37C27538E1C007EC44C /* RecCollectionVC.swift */,
				5E33D37E27538E47007EC44C /* RecCell.swift */,
			);
			path = Recommendation;
			sourceTree = "<group>";
		};
		5E33D38027538E4E007EC44C /* Receipt */ = {
			isa = PBXGroup;
			children = (
				5E33D38327538EFD007EC44C /* EmailCell.swift */,
				5E33D38127538ED7007EC44C /* EmailVC.swift */,
			);
			path = Receipt;
			sourceTree = "<group>";
		};
		5E33D38627538F37007EC44C /* Top10 Table */ = {
			isa = PBXGroup;
			children = (
				5E33D38C275390CC007EC44C /* Top10VC.swift */,
				5E33D38E2753910B007EC44C /* Top10 Cell.swift */,
			);
			path = "Top10 Table";
			sourceTree = "<group>";
		};
		5E33D38727538F8B007EC44C /* Stu Collection */ = {
			isa = PBXGroup;
			children = (
				5E33D392275391A5007EC44C /* stulnfoVC.swift */,
			);
			path = "Stu Collection";
			sourceTree = "<group>";
		};
		5E33D38827538FB9007EC44C /* View */ = {
			isa = PBXGroup;
			children = (
				E634873E274DAFCD00559B91 /* SceneDelegate.swift */,
				E634873C274DAFCD00559B91 /* AppDelegate.swift */,
				5E33D37727538D50007EC44C /* Manager.storyboard */,
				5E33D398275397C4007EC44C /* customer.storyboard */,
			);
			path = View;
			sourceTree = "<group>";
		};
		5E33D38927538FF1007EC44C /* Model */ = {
			isa = PBXGroup;
			children = (
				5E33D39027539125007EC44C /* Data.swift */,
				E69246F22754B7A100421DCB /* DataBootcamp.swift */,
			);
			path = Model;
			sourceTree = "<group>";
		};
		E633B93F274E0EED0046ED89 /* Controller */ = {
			isa = PBXGroup;
			children = (
				E69246FF2754F05A00421DCB /* StudentVC.swift */,
				E64C23722760BCAA00DE566D /* Tt.swift */,
				E69247012754F18300421DCB /* StudentVC2.swift */,
				E69246FC2754C77E00421DCB /* BootcampVC.swift */,
				E69246F42754B7DF00421DCB /* BootcampsVC.swift */,
				E69246F62754B84100421DCB /* BootcampsCell.swift */,
				E6348740274DAFCD00559B91 /* uu.swift */,
				5E33D36D27538BE6007EC44C /* NewStudentVC.swift */,
				5E33D36B27538BB6007EC44C /* EditStudentsCell.swift */,
				5E33D37327538C83007EC44C /* PurchaseVC.swift */,
				5E33D37527538CA9007EC44C /* PrucheasCell.swift */,
				5E33D36927538B8D007EC44C /* InstructioerVC.swift */,
				5E33D37127538C3F007EC44C /* DetelisVC.swift */,
				5E33D3942753938F007EC44C /* DetailsCell.swift */,
				5E33D36F27538C19007EC44C /* UpdateStudentVC.swift */,
			);
			path = Controller;
			sourceTree = "<group>";
		};
		E6348730274DAFCC00559B91 = {
			isa = PBXGroup;
			children = (
				E634873B274DAFCD00559B91 /* tuwaiq 1000 */,
				E634873A274DAFCD00559B91 /* Products */,
				5B7D21CAC4DC1DA16501E3B2 /* Pods */,
				4846D376BB53722071D42994 /* Frameworks */,
			);
			sourceTree = "<group>";
		};
		E634873A274DAFCD00559B91 /* Products */ = {
			isa = PBXGroup;
			children = (
				E6348739274DAFCD00559B91 /* tuwaiq 1000.app */,
			);
			name = Products;
			sourceTree = "<group>";
		};
		E634873B274DAFCD00559B91 /* tuwaiq 1000 */ = {
			isa = PBXGroup;
			children = (
				E64C23702760941C00DE566D /* GoogleService-Info.plist */,
				E634874A274DAFD700559B91 /* Info.plist */,
				5E33D396275397AB007EC44C /* Main.storyboard */,
				E69246F82754B92C00421DCB /* Assets.xcassets */,
				E67505A7276414F0004080BD /* Start.storyboard */,
				E62F35F627561937000E4296 /* Launch Screen.storyboard */,
				E64C236E2760910900DE566D /* Reghister.swift */,
				E67505AD2765E754004080BD /* mapVC.swift */,
				E6EF13DB27678652008227D1 /* ThemeColorVC.swift */,
				E6EF13D9276781E1008227D1 /* collmove.swift */,
				E67505AF2766356C004080BD /* gestureVC.swift */,
				E64C23B92761ECD100DE566D /* animation.swift */,
				E67505A92764182B004080BD /* G.P.A VC.swift */,
				E67505AB27641868004080BD /* Link VC.swift */,
				E64C23B72761E9A600DE566D /* Web.swift */,
				E67505992763AE21004080BD /* SideBarTableViewCell.xib */,
				E67505982763AD25004080BD /* Siad Bar */,
				E64C23BB27620DC700DE566D /* quiz */,
				E64C23742760C10400DE566D /* GPA */,
				E65D9501275F9374008A378A /* sstudent app */,
				5E33D38927538FF1007EC44C /* Model */,
				5E33D38827538FB9007EC44C /* View */,
				E633B93F274E0EED0046ED89 /* Controller */,
				5E33D37927538D5E007EC44C /* Top10 */,
				5E33D38727538F8B007EC44C /* Stu Collection */,
				5E33D38627538F37007EC44C /* Top10 Table */,
				5E33D38027538E4E007EC44C /* Receipt */,
			);
			path = "tuwaiq 1000";
			sourceTree = "<group>";
		};
		E64C23742760C10400DE566D /* GPA */ = {
			isa = PBXGroup;
			children = (
				E64C23942760C84200DE566D /* dddata */,
				E64C23882760C4C100DE566D /* Cells */,
				E64C23842760C4A300DE566D /* Common */,
				E64C23752760C44900DE566D /* Controoler */,
			);
			path = GPA;
			sourceTree = "<group>";
		};
		E64C23752760C44900DE566D /* Controoler */ = {
			isa = PBXGroup;
			children = (
				E64C23782760C46A00DE566D /* AvgViewController.swift */,
				E64C237B2760C47000DE566D /* CalculationViewController.swift */,
				E64C23792760C46C00DE566D /* HomeViewController.swift */,
				E64C23762760C46600DE566D /* PrivacyViewController.swift */,
				E64C237A2760C46E00DE566D /* SelectionTableViewController.swift */,
				E64C237C2760C47200DE566D /* SettingsViewController.swift */,
				E64C23772760C46800DE566D /* SpashViewController.swift */,
			);
			path = Controoler;
			sourceTree = "<group>";
		};
		E64C23842760C4A300DE566D /* Common */ = {
			isa = PBXGroup;
			children = (
				E64C23852760C4B900DE566D /* DBhelper.swift */,
				E64C23862760C4BB00DE566D /* Protocols.swift */,
				E64C23872760C4BE00DE566D /* Utility.swift */,
				E64C23892760C4C100DE566D /* Utils.swift */,
			);
			path = Common;
			sourceTree = "<group>";
		};
		E64C23882760C4C100DE566D /* Cells */ = {
			isa = PBXGroup;
			children = (
				E64C238E2760C4DF00DE566D /* Advertisefile.swift */,
				E64C238F2760C4E200DE566D /* AdvertiseView.xib */,
				E64C23902760C4E600DE566D /* SelectionCell.swift */,
			);
			path = Cells;
			sourceTree = "<group>";
		};
		E64C23942760C84200DE566D /* dddata */ = {
			isa = PBXGroup;
			children = (
				E64C23952760C85600DE566D /* dddata.swift */,
			);
			path = dddata;
			sourceTree = "<group>";
		};
		E64C239B2760E9FB00DE566D /* controller */ = {
			isa = PBXGroup;
			children = (
				E64C239E2760EA5300DE566D /* PersonInfoViewController.swift */,
				E64C239D2760EA5100DE566D /* StudentViewController.swift */,
				E64C239C2760EA4F00DE566D /* SubjectDescriptionViewController.swift */,
				E64C23A02760EA5700DE566D /* SubjectViewController.swift */,
				E64C239F2760EA5500DE566D /* TeacherViewController.swift */,
			);
			path = controller;
			sourceTree = "<group>";
		};
		E64C23A62760EA6D00DE566D /* cellsss */ = {
			isa = PBXGroup;
			children = (
				E64C23A82760EA8900DE566D /* ContainerStudentViewCell.swift */,
				E64C23AA2760EA9100DE566D /* ContainerViewCell.swift */,
				E64C23A72760EA8500DE566D /* PersonInfoViewCell.swift */,
				E64C23AD2760EA9E00DE566D /* PersonOrSubjectItemView.swift */,
				E64C23AC2760EA9900DE566D /* StudentViewCell.swift */,
				E64C23AB2760EA9600DE566D /* SubjectItemViewCell.swift */,
				E64C23AE2760EAA100DE566D /* SubjectMemberItemViewCell.swift */,
				E64C23A92760EA8E00DE566D /* TeacherViewCell.swift */,
			);
			path = cellsss;
			sourceTree = "<group>";
		};
		E64C23BB27620DC700DE566D /* quiz */ = {
			isa = PBXGroup;
			children = (
				E64C23BF27620E0A00DE566D /* Quiz.swift */,
				E64C23C027620E0B00DE566D /* QuizManager.swift */,
				E64C23BE27620E0900DE566D /* QuizViewController.swift */,
				E64C23BC27620E0600DE566D /* ResultViewController.swift */,
				E64C23BD27620E0800DE566D /* ViewController.swift */,
			);
			path = quiz;
			sourceTree = "<group>";
		};
		E65D9501275F9374008A378A /* sstudent app */ = {
			isa = PBXGroup;
			children = (
				E64C23A62760EA6D00DE566D /* cellsss */,
				E64C239B2760E9FB00DE566D /* controller */,
				E65D9505275F93C2008A378A /* Entities */,
				E65D9504275F93A8008A378A /* Data */,
				E65D9503275F939C008A378A /* Extenstion */,
			);
			path = "sstudent app";
			sourceTree = "<group>";
		};
		E65D9503275F939C008A378A /* Extenstion */ = {
			isa = PBXGroup;
			children = (
				E65D9506275F9622008A378A /* DateExtension.swift */,
				E65D9507275F9623008A378A /* UIViewControllerExtension.swift */,
				E65D9508275F9623008A378A /* UIViewExtension.swift */,
			);
			path = Extenstion;
			sourceTree = "<group>";
		};
		E65D9504275F93A8008A378A /* Data */ = {
			isa = PBXGroup;
			children = (
				E65D950C275F9654008A378A /* SampleData.swift */,
			);
			path = Data;
			sourceTree = "<group>";
		};
		E65D9505275F93C2008A378A /* Entities */ = {
			isa = PBXGroup;
			children = (
				E65D950F275F9674008A378A /* PersonProtocol.swift */,
				E65D9510275F9675008A378A /* Student.swift */,
				E65D950E275F9674008A378A /* Subject.swift */,
				E65D9511275F9675008A378A /* Teacher.swift */,
			);
			path = Entities;
			sourceTree = "<group>";
		};
		E67505982763AD25004080BD /* Siad Bar */ = {
			isa = PBXGroup;
			children = (
				E675059B2763AF48004080BD /* SideBarTableViewCell.swift */,
				E6EF140527693346008227D1 /* SideBarInstroctorVCTableViewCell.swift */,
				E6EF14032769328D008227D1 /* SideBarInstroctorVC.swift */,
				E675059F2763AF4B004080BD /* VViewController.swift */,
			);
			path = "Siad Bar";
			sourceTree = "<group>";
		};
/* End PBXGroup section */

/* Begin PBXNativeTarget section */
		E6348738274DAFCD00559B91 /* tuwaiq 1000 */ = {
			isa = PBXNativeTarget;
			buildConfigurationList = E634874D274DAFD700559B91 /* Build configuration list for PBXNativeTarget "tuwaiq 1000" */;
			buildPhases = (
				1C2742AAE0E4E4566D2B4EAC /* [CP] Check Pods Manifest.lock */,
				E6348735274DAFCD00559B91 /* Sources */,
				E6348736274DAFCD00559B91 /* Frameworks */,
				E6348737274DAFCD00559B91 /* Resources */,
				79B50950BA735C3CCB5E252D /* [CP] Embed Pods Frameworks */,
			);
			buildRules = (
			);
			dependencies = (
			);
			name = "tuwaiq 1000";
			productName = "tuwaiq 1000";
			productReference = E6348739274DAFCD00559B91 /* tuwaiq 1000.app */;
			productType = "com.apple.product-type.application";
		};
/* End PBXNativeTarget section */

/* Begin PBXProject section */
		E6348731274DAFCC00559B91 /* Project object */ = {
			isa = PBXProject;
			attributes = {
				BuildIndependentTargetsInParallel = 1;
				LastSwiftUpdateCheck = 1300;
				LastUpgradeCheck = 1300;
				TargetAttributes = {
					E6348738274DAFCD00559B91 = {
						CreatedOnToolsVersion = 13.0;
					};
				};
			};
			buildConfigurationList = E6348734274DAFCC00559B91 /* Build configuration list for PBXProject "tuwaiq 1000" */;
			compatibilityVersion = "Xcode 13.0";
			developmentRegion = en;
			hasScannedForEncodings = 0;
			knownRegions = (
				en,
				Base,
			);
			mainGroup = E6348730274DAFCC00559B91;
			productRefGroup = E634873A274DAFCD00559B91 /* Products */;
			projectDirPath = "";
			projectRoot = "";
			targets = (
				E6348738274DAFCD00559B91 /* tuwaiq 1000 */,
			);
		};
/* End PBXProject section */

/* Begin PBXResourcesBuildPhase section */
		E6348737274DAFCD00559B91 /* Resources */ = {
			isa = PBXResourcesBuildPhase;
			buildActionMask = 2147483647;
			files = (
				E62F35F727561937000E4296 /* Launch Screen.storyboard in Resources */,
				5E33D399275397C4007EC44C /* customer.storyboard in Resources */,
				E67505A8276414F1004080BD /* Start.storyboard in Resources */,
				5E33D397275397AB007EC44C /* Main.storyboard in Resources */,
				5E33D37827538D50007EC44C /* Manager.storyboard in Resources */,
				E64C23712760941C00DE566D /* GoogleService-Info.plist in Resources */,
				E64C23922760C4E600DE566D /* AdvertiseView.xib in Resources */,
				E675059A2763AE21004080BD /* SideBarTableViewCell.xib in Resources */,
				E69246F92754B92C00421DCB /* Assets.xcassets in Resources */,
			);
			runOnlyForDeploymentPostprocessing = 0;
		};
/* End PBXResourcesBuildPhase section */

/* Begin PBXShellScriptBuildPhase section */
		1C2742AAE0E4E4566D2B4EAC /* [CP] Check Pods Manifest.lock */ = {
			isa = PBXShellScriptBuildPhase;
			buildActionMask = 2147483647;
			files = (
			);
			inputFileListPaths = (
			);
			inputPaths = (
				"${PODS_PODFILE_DIR_PATH}/Podfile.lock",
				"${PODS_ROOT}/Manifest.lock",
			);
			name = "[CP] Check Pods Manifest.lock";
			outputFileListPaths = (
			);
			outputPaths = (
				"$(DERIVED_FILE_DIR)/Pods-tuwaiq 1000-checkManifestLockResult.txt",
			);
			runOnlyForDeploymentPostprocessing = 0;
			shellPath = /bin/sh;
			shellScript = "diff \"${PODS_PODFILE_DIR_PATH}/Podfile.lock\" \"${PODS_ROOT}/Manifest.lock\" > /dev/null\nif [ $? != 0 ] ; then\n    # print error to STDERR\n    echo \"error: The sandbox is not in sync with the Podfile.lock. Run 'pod install' or update your CocoaPods installation.\" >&2\n    exit 1\nfi\n# This output is used by Xcode 'outputs' to avoid re-running this script phase.\necho \"SUCCESS\" > \"${SCRIPT_OUTPUT_FILE_0}\"\n";
			showEnvVarsInLog = 0;
		};
		79B50950BA735C3CCB5E252D /* [CP] Embed Pods Frameworks */ = {
			isa = PBXShellScriptBuildPhase;
			buildActionMask = 2147483647;
			files = (
			);
			inputFileListPaths = (
				"${PODS_ROOT}/Target Support Files/Pods-tuwaiq 1000/Pods-tuwaiq 1000-frameworks-${CONFIGURATION}-input-files.xcfilelist",
			);
			name = "[CP] Embed Pods Frameworks";
			outputFileListPaths = (
				"${PODS_ROOT}/Target Support Files/Pods-tuwaiq 1000/Pods-tuwaiq 1000-frameworks-${CONFIGURATION}-output-files.xcfilelist",
			);
			runOnlyForDeploymentPostprocessing = 0;
			shellPath = /bin/sh;
			shellScript = "\"${PODS_ROOT}/Target Support Files/Pods-tuwaiq 1000/Pods-tuwaiq 1000-frameworks.sh\"\n";
			showEnvVarsInLog = 0;
		};
/* End PBXShellScriptBuildPhase section */

/* Begin PBXSourcesBuildPhase section */
		E6348735274DAFCD00559B91 /* Sources */ = {
			isa = PBXSourcesBuildPhase;
			buildActionMask = 2147483647;
			files = (
				E69246F52754B7DF00421DCB /* BootcampsVC.swift in Sources */,
				E64C23AF2760EAA100DE566D /* PersonInfoViewCell.swift in Sources */,
				E64C23B82761E9A700DE566D /* Web.swift in Sources */,
				5E33D3952753938F007EC44C /* DetailsCell.swift in Sources */,
				E64C23A32760EA5700DE566D /* PersonInfoViewController.swift in Sources */,
				E64C237E2760C47300DE566D /* SpashViewController.swift in Sources */,
				E64C23C227620E0B00DE566D /* ViewController.swift in Sources */,
				5E33D38227538ED7007EC44C /* EmailVC.swift in Sources */,
				E64C23A42760EA5700DE566D /* TeacherViewController.swift in Sources */,
				E6348741274DAFCD00559B91 /* uu.swift in Sources */,
				E64C23912760C4E600DE566D /* Advertisefile.swift in Sources */,
				E64C237D2760C47300DE566D /* PrivacyViewController.swift in Sources */,
				E64C23BA2761ECD200DE566D /* animation.swift in Sources */,
				E69247002754F05A00421DCB /* StudentVC.swift in Sources */,
				5E33D38F2753910B007EC44C /* Top10 Cell.swift in Sources */,
				E64C23932760C4E600DE566D /* SelectionCell.swift in Sources */,
				E64C23A52760EA5700DE566D /* SubjectViewController.swift in Sources */,
				5E33D36E27538BE6007EC44C /* NewStudentVC.swift in Sources */,
				5E33D393275391A5007EC44C /* stulnfoVC.swift in Sources */,
				E64C23A22760EA5700DE566D /* StudentViewController.swift in Sources */,
				5E33D38D275390CC007EC44C /* Top10VC.swift in Sources */,
				E6EF13DA276781E2008227D1 /* collmove.swift in Sources */,
				E634873D274DAFCD00559B91 /* AppDelegate.swift in Sources */,
				E67505B02766356D004080BD /* gestureVC.swift in Sources */,
				E64C23732760BCAC00DE566D /* Tt.swift in Sources */,
				E64C23B02760EAA100DE566D /* ContainerStudentViewCell.swift in Sources */,
				5E33D37227538C3F007EC44C /* DetelisVC.swift in Sources */,
				E64C23812760C47300DE566D /* SelectionTableViewController.swift in Sources */,
				E67505AE2765E754004080BD /* mapVC.swift in Sources */,
				E64C238C2760C4C200DE566D /* Utility.swift in Sources */,
				E65D9515275F9675008A378A /* Teacher.swift in Sources */,
				E65D950A275F9623008A378A /* UIViewControllerExtension.swift in Sources */,
				E65D950D275F9654008A378A /* SampleData.swift in Sources */,
				5E33D37427538C83007EC44C /* PurchaseVC.swift in Sources */,
				E69247022754F18300421DCB /* StudentVC2.swift in Sources */,
				E64C23A12760EA5700DE566D /* SubjectDescriptionViewController.swift in Sources */,
				E64C23B12760EAA100DE566D /* TeacherViewCell.swift in Sources */,
				E64C23C327620E0B00DE566D /* QuizViewController.swift in Sources */,
				E6EF14042769328F008227D1 /* SideBarInstroctorVC.swift in Sources */,
				E67505AA2764182B004080BD /* G.P.A VC.swift in Sources */,
				5E33D37F27538E47007EC44C /* RecCell.swift in Sources */,
				5E33D36C27538BB6007EC44C /* EditStudentsCell.swift in Sources */,
				E64C23B32760EAA100DE566D /* SubjectItemViewCell.swift in Sources */,
				E64C23B22760EAA100DE566D /* ContainerViewCell.swift in Sources */,
				E69246F72754B84100421DCB /* BootcampsCell.swift in Sources */,
				5E33D37027538C19007EC44C /* UpdateStudentVC.swift in Sources */,
				E6EF140627693346008227D1 /* SideBarInstroctorVCTableViewCell.swift in Sources */,
				E64C237F2760C47300DE566D /* AvgViewController.swift in Sources */,
				E64C236F2760910900DE566D /* Reghister.swift in Sources */,
				E69246FD2754C77E00421DCB /* BootcampVC.swift in Sources */,
				E64C23962760C85600DE566D /* dddata.swift in Sources */,
				E69246F32754B7A100421DCB /* DataBootcamp.swift in Sources */,
				5E33D36A27538B8D007EC44C /* InstructioerVC.swift in Sources */,
				E64C238B2760C4C200DE566D /* Protocols.swift in Sources */,
				E634873F274DAFCD00559B91 /* SceneDelegate.swift in Sources */,
				E67505A02763AF4B004080BD /* SideBarTableViewCell.swift in Sources */,
				E67505AC27641869004080BD /* Link VC.swift in Sources */,
				E64C238A2760C4C100DE566D /* DBhelper.swift in Sources */,
				E65D9513275F9675008A378A /* PersonProtocol.swift in Sources */,
				E64C23C527620E0B00DE566D /* QuizManager.swift in Sources */,
				E64C23B52760EAA100DE566D /* PersonOrSubjectItemView.swift in Sources */,
				E67505A42763AF4B004080BD /* VViewController.swift in Sources */,
				E65D9514275F9675008A378A /* Student.swift in Sources */,
				E64C23832760C47300DE566D /* SettingsViewController.swift in Sources */,
				E64C23B62760EAA100DE566D /* SubjectMemberItemViewCell.swift in Sources */,
				E65D9509275F9623008A378A /* DateExtension.swift in Sources */,
				E64C23822760C47300DE566D /* CalculationViewController.swift in Sources */,
				E65D950B275F9624008A378A /* UIViewExtension.swift in Sources */,
				5E33D37627538CA9007EC44C /* PrucheasCell.swift in Sources */,
				E64C23802760C47300DE566D /* HomeViewController.swift in Sources */,
				E64C238D2760C4C200DE566D /* Utils.swift in Sources */,
				E6EF13DC27678652008227D1 /* ThemeColorVC.swift in Sources */,
				E64C23C427620E0B00DE566D /* Quiz.swift in Sources */,
				5E33D39127539125007EC44C /* Data.swift in Sources */,
				5E33D37D27538E1C007EC44C /* RecCollectionVC.swift in Sources */,
				5E33D38427538EFD007EC44C /* EmailCell.swift in Sources */,
				E65D9512275F9675008A378A /* Subject.swift in Sources */,
				E64C23B42760EAA100DE566D /* StudentViewCell.swift in Sources */,
				E64C23C127620E0B00DE566D /* ResultViewController.swift in Sources */,
			);
			runOnlyForDeploymentPostprocessing = 0;
		};
/* End PBXSourcesBuildPhase section */

/* Begin XCBuildConfiguration section */
		E634874B274DAFD700559B91 /* Debug */ = {
			isa = XCBuildConfiguration;
			buildSettings = {
				ALWAYS_SEARCH_USER_PATHS = NO;
				CLANG_ANALYZER_NONNULL = YES;
				CLANG_ANALYZER_NUMBER_OBJECT_CONVERSION = YES_AGGRESSIVE;
				CLANG_CXX_LANGUAGE_STANDARD = "gnu++17";
				CLANG_CXX_LIBRARY = "libc++";
				CLANG_ENABLE_MODULES = YES;
				CLANG_ENABLE_OBJC_ARC = YES;
				CLANG_ENABLE_OBJC_WEAK = YES;
				CLANG_WARN_BLOCK_CAPTURE_AUTORELEASING = YES;
				CLANG_WARN_BOOL_CONVERSION = YES;
				CLANG_WARN_COMMA = YES;
				CLANG_WARN_CONSTANT_CONVERSION = YES;
				CLANG_WARN_DEPRECATED_OBJC_IMPLEMENTATIONS = YES;
				CLANG_WARN_DIRECT_OBJC_ISA_USAGE = YES_ERROR;
				CLANG_WARN_DOCUMENTATION_COMMENTS = YES;
				CLANG_WARN_EMPTY_BODY = YES;
				CLANG_WARN_ENUM_CONVERSION = YES;
				CLANG_WARN_INFINITE_RECURSION = YES;
				CLANG_WARN_INT_CONVERSION = YES;
				CLANG_WARN_NON_LITERAL_NULL_CONVERSION = YES;
				CLANG_WARN_OBJC_IMPLICIT_RETAIN_SELF = YES;
				CLANG_WARN_OBJC_LITERAL_CONVERSION = YES;
				CLANG_WARN_OBJC_ROOT_CLASS = YES_ERROR;
				CLANG_WARN_QUOTED_INCLUDE_IN_FRAMEWORK_HEADER = YES;
				CLANG_WARN_RANGE_LOOP_ANALYSIS = YES;
				CLANG_WARN_STRICT_PROTOTYPES = YES;
				CLANG_WARN_SUSPICIOUS_MOVE = YES;
				CLANG_WARN_UNGUARDED_AVAILABILITY = YES_AGGRESSIVE;
				CLANG_WARN_UNREACHABLE_CODE = YES;
				CLANG_WARN__DUPLICATE_METHOD_MATCH = YES;
				COPY_PHASE_STRIP = NO;
				DEBUG_INFORMATION_FORMAT = dwarf;
				ENABLE_STRICT_OBJC_MSGSEND = YES;
				ENABLE_TESTABILITY = YES;
				GCC_C_LANGUAGE_STANDARD = gnu11;
				GCC_DYNAMIC_NO_PIC = NO;
				GCC_NO_COMMON_BLOCKS = YES;
				GCC_OPTIMIZATION_LEVEL = 0;
				GCC_PREPROCESSOR_DEFINITIONS = (
					"DEBUG=1",
					"$(inherited)",
				);
				GCC_WARN_64_TO_32_BIT_CONVERSION = YES;
				GCC_WARN_ABOUT_RETURN_TYPE = YES_ERROR;
				GCC_WARN_UNDECLARED_SELECTOR = YES;
				GCC_WARN_UNINITIALIZED_AUTOS = YES_AGGRESSIVE;
				GCC_WARN_UNUSED_FUNCTION = YES;
				GCC_WARN_UNUSED_VARIABLE = YES;
				IPHONEOS_DEPLOYMENT_TARGET = 14.0;
				MTL_ENABLE_DEBUG_INFO = INCLUDE_SOURCE;
				MTL_FAST_MATH = YES;
				ONLY_ACTIVE_ARCH = YES;
				SDKROOT = iphoneos;
				SWIFT_ACTIVE_COMPILATION_CONDITIONS = DEBUG;
				SWIFT_OPTIMIZATION_LEVEL = "-Onone";
			};
			name = Debug;
		};
		E634874C274DAFD700559B91 /* Release */ = {
			isa = XCBuildConfiguration;
			buildSettings = {
				ALWAYS_SEARCH_USER_PATHS = NO;
				CLANG_ANALYZER_NONNULL = YES;
				CLANG_ANALYZER_NUMBER_OBJECT_CONVERSION = YES_AGGRESSIVE;
				CLANG_CXX_LANGUAGE_STANDARD = "gnu++17";
				CLANG_CXX_LIBRARY = "libc++";
				CLANG_ENABLE_MODULES = YES;
				CLANG_ENABLE_OBJC_ARC = YES;
				CLANG_ENABLE_OBJC_WEAK = YES;
				CLANG_WARN_BLOCK_CAPTURE_AUTORELEASING = YES;
				CLANG_WARN_BOOL_CONVERSION = YES;
				CLANG_WARN_COMMA = YES;
				CLANG_WARN_CONSTANT_CONVERSION = YES;
				CLANG_WARN_DEPRECATED_OBJC_IMPLEMENTATIONS = YES;
				CLANG_WARN_DIRECT_OBJC_ISA_USAGE = YES_ERROR;
				CLANG_WARN_DOCUMENTATION_COMMENTS = YES;
				CLANG_WARN_EMPTY_BODY = YES;
				CLANG_WARN_ENUM_CONVERSION = YES;
				CLANG_WARN_INFINITE_RECURSION = YES;
				CLANG_WARN_INT_CONVERSION = YES;
				CLANG_WARN_NON_LITERAL_NULL_CONVERSION = YES;
				CLANG_WARN_OBJC_IMPLICIT_RETAIN_SELF = YES;
				CLANG_WARN_OBJC_LITERAL_CONVERSION = YES;
				CLANG_WARN_OBJC_ROOT_CLASS = YES_ERROR;
				CLANG_WARN_QUOTED_INCLUDE_IN_FRAMEWORK_HEADER = YES;
				CLANG_WARN_RANGE_LOOP_ANALYSIS = YES;
				CLANG_WARN_STRICT_PROTOTYPES = YES;
				CLANG_WARN_SUSPICIOUS_MOVE = YES;
				CLANG_WARN_UNGUARDED_AVAILABILITY = YES_AGGRESSIVE;
				CLANG_WARN_UNREACHABLE_CODE = YES;
				CLANG_WARN__DUPLICATE_METHOD_MATCH = YES;
				COPY_PHASE_STRIP = NO;
				DEBUG_INFORMATION_FORMAT = "dwarf-with-dsym";
				ENABLE_NS_ASSERTIONS = NO;
				ENABLE_STRICT_OBJC_MSGSEND = YES;
				GCC_C_LANGUAGE_STANDARD = gnu11;
				GCC_NO_COMMON_BLOCKS = YES;
				GCC_WARN_64_TO_32_BIT_CONVERSION = YES;
				GCC_WARN_ABOUT_RETURN_TYPE = YES_ERROR;
				GCC_WARN_UNDECLARED_SELECTOR = YES;
				GCC_WARN_UNINITIALIZED_AUTOS = YES_AGGRESSIVE;
				GCC_WARN_UNUSED_FUNCTION = YES;
				GCC_WARN_UNUSED_VARIABLE = YES;
				IPHONEOS_DEPLOYMENT_TARGET = 14.0;
				MTL_ENABLE_DEBUG_INFO = NO;
				MTL_FAST_MATH = YES;
				SDKROOT = iphoneos;
				SWIFT_COMPILATION_MODE = wholemodule;
				SWIFT_OPTIMIZATION_LEVEL = "-O";
				VALIDATE_PRODUCT = YES;
			};
			name = Release;
		};
		E634874E274DAFD700559B91 /* Debug */ = {
			isa = XCBuildConfiguration;
			baseConfigurationReference = EE5BEB1A07E452DE90129F34 /* Pods-tuwaiq 1000.debug.xcconfig */;
			buildSettings = {
				ASSETCATALOG_COMPILER_APPICON_NAME = AppIcon;
				ASSETCATALOG_COMPILER_GLOBAL_ACCENT_COLOR_NAME = AccentColor;
				ASSETCATALOG_COMPILER_INCLUDE_ALL_APPICON_ASSETS = YES;
				CODE_SIGN_STYLE = Automatic;
				CURRENT_PROJECT_VERSION = 1;
				DEVELOPMENT_TEAM = 8DP7WP5D27;
				GENERATE_INFOPLIST_FILE = YES;
				INFOPLIST_FILE = "tuwaiq 1000/Info.plist";
				INFOPLIST_KEY_NSMainNibFile = Main;
				INFOPLIST_KEY_UIApplicationSupportsIndirectInputEvents = YES;
				INFOPLIST_KEY_UILaunchStoryboardName = "Launch Screen";
				INFOPLIST_KEY_UISupportedInterfaceOrientations_iPad = "UIInterfaceOrientationPortrait UIInterfaceOrientationPortraitUpsideDown UIInterfaceOrientationLandscapeLeft UIInterfaceOrientationLandscapeRight";
				INFOPLIST_KEY_UISupportedInterfaceOrientations_iPhone = "UIInterfaceOrientationPortrait UIInterfaceOrientationLandscapeLeft UIInterfaceOrientationLandscapeRight";
				IPHONEOS_DEPLOYMENT_TARGET = 14.0;
				LD_RUNPATH_SEARCH_PATHS = (
					"$(inherited)",
					"@executable_path/Frameworks",
				);
				MARKETING_VERSION = 1.0;
				PRODUCT_BUNDLE_IDENTIFIER = "Mohammedali111-tuwaiq1000-App12";
				PRODUCT_NAME = "$(TARGET_NAME)";
				SWIFT_EMIT_LOC_STRINGS = YES;
				SWIFT_VERSION = 5.0;
				TARGETED_DEVICE_FAMILY = "1,2";
			};
			name = Debug;
		};
		E634874F274DAFD700559B91 /* Release */ = {
			isa = XCBuildConfiguration;
			baseConfigurationReference = 9A0A1658221A179C86DA1FC4 /* Pods-tuwaiq 1000.release.xcconfig */;
			buildSettings = {
				ASSETCATALOG_COMPILER_APPICON_NAME = AppIcon;
				ASSETCATALOG_COMPILER_GLOBAL_ACCENT_COLOR_NAME = AccentColor;
				ASSETCATALOG_COMPILER_INCLUDE_ALL_APPICON_ASSETS = YES;
				CODE_SIGN_STYLE = Automatic;
				CURRENT_PROJECT_VERSION = 1;
				DEVELOPMENT_TEAM = 8DP7WP5D27;
				GENERATE_INFOPLIST_FILE = YES;
				INFOPLIST_FILE = "tuwaiq 1000/Info.plist";
				INFOPLIST_KEY_NSMainNibFile = Main;
				INFOPLIST_KEY_UIApplicationSupportsIndirectInputEvents = YES;
				INFOPLIST_KEY_UILaunchStoryboardName = "Launch Screen";
				INFOPLIST_KEY_UISupportedInterfaceOrientations_iPad = "UIInterfaceOrientationPortrait UIInterfaceOrientationPortraitUpsideDown UIInterfaceOrientationLandscapeLeft UIInterfaceOrientationLandscapeRight";
				INFOPLIST_KEY_UISupportedInterfaceOrientations_iPhone = "UIInterfaceOrientationPortrait UIInterfaceOrientationLandscapeLeft UIInterfaceOrientationLandscapeRight";
				IPHONEOS_DEPLOYMENT_TARGET = 14.0;
				LD_RUNPATH_SEARCH_PATHS = (
					"$(inherited)",
					"@executable_path/Frameworks",
				);
				MARKETING_VERSION = 1.0;
				PRODUCT_BUNDLE_IDENTIFIER = "Mohammedali111-tuwaiq1000-App12";
				PRODUCT_NAME = "$(TARGET_NAME)";
				SWIFT_EMIT_LOC_STRINGS = YES;
				SWIFT_VERSION = 5.0;
				TARGETED_DEVICE_FAMILY = "1,2";
			};
			name = Release;
		};
/* End XCBuildConfiguration section */

/* Begin XCConfigurationList section */
		E6348734274DAFCC00559B91 /* Build configuration list for PBXProject "tuwaiq 1000" */ = {
			isa = XCConfigurationList;
			buildConfigurations = (
				E634874B274DAFD700559B91 /* Debug */,
				E634874C274DAFD700559B91 /* Release */,
			);
			defaultConfigurationIsVisible = 0;
			defaultConfigurationName = Release;
		};
		E634874D274DAFD700559B91 /* Build configuration list for PBXNativeTarget "tuwaiq 1000" */ = {
			isa = XCConfigurationList;
			buildConfigurations = (
				E634874E274DAFD700559B91 /* Debug */,
				E634874F274DAFD700559B91 /* Release */,
			);
			defaultConfigurationIsVisible = 0;
			defaultConfigurationName = Release;
		};
/* End XCConfigurationList section */
	};
	rootObject = E6348731274DAFCC00559B91 /* Project object */;
}
